
Microsoft Visual Studio Solution File, Format Version 12.00
# Visual Studio Version 17
VisualStudioVersion = 17.7.34024.191
MinimumVisualStudioVersion = 10.0.40219.1
Project("{9A19103F-16F7-4668-BE54-9A1E7A4F7556}") = "assignment 1", "assignment 1\assignment 1.csproj", "{38A7C401-CF8B-44BE-8B87-E9B6443AD2D5}"
EndProject
Project("{FAE04EC0-301F-11D3-BF4B-00C04F79EFBC}") = "assignment1Part2", "assignment1Part2\assignment1Part2.csproj", "{97556398-D8B2-48AF-9E17-E27598E9E706}"
EndProject
Global
	GlobalSection(SolutionConfigurationPlatforms) = preSolution
		Debug|Any CPU = Debug|Any CPU
		Release|Any CPU = Release|Any CPU
	EndGlobalSection
	GlobalSection(ProjectConfigurationPlatforms) = postSolution
		{38A7C401-CF8B-44BE-8B87-E9B6443AD2D5}.Debug|Any CPU.ActiveCfg = Debug|Any CPU
		{38A7C401-CF8B-44BE-8B87-E9B6443AD2D5}.Debug|Any CPU.Build.0 = Debug|Any CPU
		{38A7C401-CF8B-44BE-8B87-E9B6443AD2D5}.Release|Any CPU.ActiveCfg = Release|Any CPU
		{38A7C401-CF8B-44BE-8B87-E9B6443AD2D5}.Release|Any CPU.Build.0 = Release|Any CPU
		{97556398-D8B2-48AF-9E17-E27598E9E706}.Debug|Any CPU.ActiveCfg = Debug|Any CPU
		{97556398-D8B2-48AF-9E17-E27598E9E706}.Debug|Any CPU.Build.0 = Debug|Any CPU
		{97556398-D8B2-48AF-9E17-E27598E9E706}.Release|Any CPU.ActiveCfg = Release|Any CPU
		{97556398-D8B2-48AF-9E17-E27598E9E706}.Release|Any CPU.Build.0 = Release|Any CPU
	EndGlobalSection
	GlobalSection(SolutionProperties) = preSolution
		HideSolutionNode = FALSE
	EndGlobalSection
	GlobalSection(ExtensibilityGlobals) = postSolution
		SolutionGuid = {D0B47ED0-015E-4611-9714-359319835224}
	EndGlobalSection
EndGlobal
